github.com/BurntSushi/toml v1.5.0 h1:W5quZX/G/csjUnuI8SUYlsHs9M38FC7znL0lIO+DvMg=
github.com/BurntSushi/toml v1.5.0/go.mod h1:ukJfTF/6rtPPRCnwkur4qwRxa8vTRFBF0uk2lLoLwho=
github.com/areon546/go-files v0.0.0-20251109040613-371541c8a8d2 h1:xOCBLAgQvWODTf266CLuzlQGjUrMt5CvT4IwZJGEFPM=
github.com/areon546/go-files v0.0.0-20251109040613-371541c8a8d2/go.mod h1:qLbymUZ8QbF72H0gQLizmd0t3fX/MZx23/flzq8iqYQ=
github.com/areon546/go-helpers v0.0.0-20250820120313-8a98e4eca6e5 h1:djA5yPn2QbiY/GLFkq+HPql6oFFFHbWnZe4Ys7Um25c=
github.com/areon546/go-helpers v0.0.0-20250820120313-8a98e4eca6e5/go.mod h1:pN+CQkoKXPG5/CV6P19/T3T9xcsKCtdj38zabkFuspA=
github.com/hashicorp/errwrap v1.0.0 h1:hLrqtEDnRye3+sgx6z4qVLNuviH3MR5aQ0ykNJa/UYA=
github.com/hashicorp/errwrap v1.0.0/go.mod h1:YH+1FKiLXxHSkmPseP+kNlulaMuP3n2brvKWEqk/Jc4=
github.com/hashicorp/go-multierror v1.0.0 h1:iVjPR7a6H0tWELX5NxNe7bYopibicUzc7uPribsnS6o=
github.com/hashicorp/go-multierror v1.0.0/go.mod h1:dHtQlpGsu+cZNNAkkCN/P3hoUDHhCYQXV3UM06sGGrk=
github.com/jpillora/opts v1.2.3 h1:Q0YuOM7y0BlunHJ7laR1TUxkUA7xW8A2rciuZ70xs8g=
github.com/jpillora/opts v1.2.3/go.mod h1:7p7X/vlpKZmtaDFYKs956EujFqA6aCrOkcCaS6UBcR4=
github.com/posener/complete v1.2.2-0.20190308074557-af07aa5181b3 h1:GqpA1/5oN1NgsxoSA4RH0YWTaqvUlQNeOpHXD/JRbOQ=
github.com/posener/complete v1.2.2-0.20190308074557-af07aa5181b3/go.mod h1:6gapUrK/U1TAN7ciCoNRIdVC5sbdBTUh1DKN0g6uH7E=
